
Microsoft Visual Studio Solution File, Format Version 12.00
# Visual Studio 15
VisualStudioVersion = 15.0.26730.16
MinimumVisualStudioVersion = 10.0.40219.1
Project("{FAE04EC0-301F-11D3-BF4B-00C04F79EFBC}") = "WebcamService", "WebcamService\WebcamService.csproj", "{C5AE059B-F925-4CBA-9471-8C9632611952}"
EndProject
Global
	GlobalSection(SolutionConfigurationPlatforms) = preSolution
		Debug|Any CPU = Debug|Any CPU
		Release|Any CPU = Release|Any CPU
	EndGlobalSection
	GlobalSection(ProjectConfigurationPlatforms) = postSolution
		{C5AE059B-F925-4CBA-9471-8C9632611952}.Debug|Any CPU.ActiveCfg = Debug|Any CPU
		{C5AE059B-F925-4CBA-9471-8C9632611952}.Debug|Any CPU.Build.0 = Debug|Any CPU
		{C5AE059B-F925-4CBA-9471-8C9632611952}.Release|Any CPU.ActiveCfg = Release|Any CPU
		{C5AE059B-F925-4CBA-9471-8C9632611952}.Release|Any CPU.Build.0 = Release|Any CPU
	EndGlobalSection
	GlobalSection(SolutionProperties) = preSolution
		HideSolutionNode = FALSE
	EndGlobalSection
	GlobalSection(ExtensibilityGlobals) = postSolution
		SolutionGuid = {5222638C-ECC3-4D24-884C-86224BCCFBFA}
	EndGlobalSection
EndGlobal
